Microsoft Visual Studio Solution File, Format Version 11.00
# Visual Studio 2008

Project("{E9861ABD-49CC-6B30-41A7-35D66434A070}") = "Blind", "Assembly-CSharp.csproj", "{0FE7C4D5-ED6F-E085-FA20-7BE93C94DEF5}"
EndProject
Global
	GlobalSection(SolutionConfigurationPlatforms) = preSolution
		Debug|Any CPU = Debug|Any CPU
		Release|Any CPU = Release|Any CPU
	EndGlobalSection
	GlobalSection(ProjectConfigurationPlatforms) = postSolution
		{0FE7C4D5-ED6F-E085-FA20-7BE93C94DEF5}.Debug|Any CPU.ActiveCfg = Debug|Any CPU
		{0FE7C4D5-ED6F-E085-FA20-7BE93C94DEF5}.Debug|Any CPU.Build.0 = Debug|Any CPU
		{0FE7C4D5-ED6F-E085-FA20-7BE93C94DEF5}.Release|Any CPU.ActiveCfg = Release|Any CPU
		{0FE7C4D5-ED6F-E085-FA20-7BE93C94DEF5}.Release|Any CPU.Build.0 = Release|Any CPU
	EndGlobalSection
	GlobalSection(SolutionProperties) = preSolution
		HideSolutionNode = FALSE
	EndGlobalSection
																												GlobalSection(MonoDevelopProperties) = preSolution
		StartupItem = Assembly-CSharp.csproj
		Policies = $0
		$0.TextStylePolicy = $1
		$1.inheritsSet = null
		$1.scope = text/x-csharp
		$0.CSharpFormattingPolicy = $2
		$2.inheritsSet = Mono
		$2.inheritsScope = text/x-csharp
		$2.scope = text/x-csharp
		$0.TextStylePolicy = $3
		$3.FileWidth = 120
		$3.TabWidth = 4
		$3.IndentWidth = 4
		$3.EolMarker = Unix
		$3.inheritsSet = Mono
		$3.inheritsScope = text/plain
		$3.scope = text/plain
	EndGlobalSection

EndGlobal
